// !$*UTF8*$!
{
	archiveVersion = 1;
	classes = {
	};
	objectVersion = 46;
	objects = {

/* Begin PBXBuildFile section */
		3928A7021CE44A8B00143328 /* AppDelegate.swift in Sources */ = {isa = PBXBuildFile; fileRef = 3928A7011CE44A8B00143328 /* AppDelegate.swift */; };
		3928A7071CE44A8B00143328 /* Main.storyboard in Resources */ = {isa = PBXBuildFile; fileRef = 3928A7051CE44A8B00143328 /* Main.storyboard */; };
		3928A7091CE44A8B00143328 /* Assets.xcassets in Resources */ = {isa = PBXBuildFile; fileRef = 3928A7081CE44A8B00143328 /* Assets.xcassets */; };
		3928A70C1CE44A8B00143328 /* LaunchScreen.storyboard in Resources */ = {isa = PBXBuildFile; fileRef = 3928A70A1CE44A8B00143328 /* LaunchScreen.storyboard */; };
		3928A7171CE44A8B00143328 /* strawDiffyTests.swift in Sources */ = {isa = PBXBuildFile; fileRef = 3928A7161CE44A8B00143328 /* strawDiffyTests.swift */; };
		3928A7221CE44A8B00143328 /* strawDiffyUITests.swift in Sources */ = {isa = PBXBuildFile; fileRef = 3928A7211CE44A8B00143328 /* strawDiffyUITests.swift */; };
		3928A7301CE4724700143328 /* HomeViewController.swift in Sources */ = {isa = PBXBuildFile; fileRef = 3928A72F1CE4724700143328 /* HomeViewController.swift */; };
/* End PBXBuildFile section */

/* Begin PBXContainerItemProxy section */
		3928A7131CE44A8B00143328 /* PBXContainerItemProxy */ = {
			isa = PBXContainerItemProxy;
			containerPortal = 3928A6F61CE44A8B00143328 /* Project object */;
			proxyType = 1;
			remoteGlobalIDString = 3928A6FD1CE44A8B00143328;
			remoteInfo = strawDiffy;
		};
		3928A71E1CE44A8B00143328 /* PBXContainerItemProxy */ = {
			isa = PBXContainerItemProxy;
			containerPortal = 3928A6F61CE44A8B00143328 /* Project object */;
			proxyType = 1;
			remoteGlobalIDString = 3928A6FD1CE44A8B00143328;
			remoteInfo = strawDiffy;
		};
/* End PBXContainerItemProxy section */

/* Begin PBXFileReference section */
		3928A6FE1CE44A8B00143328 /* strawDiffy.app */ = {isa = PBXFileReference; explicitFileType = wrapper.application; includeInIndex = 0; path = strawDiffy.app; sourceTree = BUILT_PRODUCTS_DIR; };
		3928A7011CE44A8B00143328 /* AppDelegate.swift */ = {isa = PBXFileReference; lastKnownFileType = sourcecode.swift; path = AppDelegate.swift; sourceTree = "<group>"; };
		3928A7061CE44A8B00143328 /* Base */ = {isa = PBXFileReference; lastKnownFileType = file.storyboard; name = Base; path = Base.lproj/Main.storyboard; sourceTree = "<group>"; };
		3928A7081CE44A8B00143328 /* Assets.xcassets */ = {isa = PBXFileReference; lastKnownFileType = folder.assetcatalog; path = Assets.xcassets; sourceTree = "<group>"; };
		3928A70B1CE44A8B00143328 /* Base */ = {isa = PBXFileReference; lastKnownFileType = file.storyboard; name = Base; path = Base.lproj/LaunchScreen.storyboard; sourceTree = "<group>"; };
		3928A70D1CE44A8B00143328 /* Info.plist */ = {isa = PBXFileReference; lastKnownFileType = text.plist.xml; path = Info.plist; sourceTree = "<group>"; };
		3928A7121CE44A8B00143328 /* strawDiffyTests.xctest */ = {isa = PBXFileReference; explicitFileType = wrapper.cfbundle; includeInIndex = 0; path = strawDiffyTests.xctest; sourceTree = BUILT_PRODUCTS_DIR; };
		3928A7161CE44A8B00143328 /* strawDiffyTests.swift */ = {isa = PBXFileReference; lastKnownFileType = sourcecode.swift; path = strawDiffyTests.swift; sourceTree = "<group>"; };
		3928A7181CE44A8B00143328 /* Info.plist */ = {isa = PBXFileReference; lastKnownFileType = text.plist.xml; path = Info.plist; sourceTree = "<group>"; };
		3928A71D1CE44A8B00143328 /* strawDiffyUITests.xctest */ = {isa = PBXFileReference; explicitFileType = wrapper.cfbundle; includeInIndex = 0; path = strawDiffyUITests.xctest; sourceTree = BUILT_PRODUCTS_DIR; };
		3928A7211CE44A8B00143328 /* strawDiffyUITests.swift */ = {isa = PBXFileReference; lastKnownFileType = sourcecode.swift; path = strawDiffyUITests.swift; sourceTree = "<group>"; };
		3928A7231CE44A8B00143328 /* Info.plist */ = {isa = PBXFileReference; lastKnownFileType = text.plist.xml; path = Info.plist; sourceTree = "<group>"; };
		3928A72F1CE4724700143328 /* HomeViewController.swift */ = {isa = PBXFileReference; fileEncoding = 4; lastKnownFileType = sourcecode.swift; path = HomeViewController.swift; sourceTree = "<group>"; };
/* End PBXFileReference section */

/* Begin PBXFrameworksBuildPhase section */
		3928A6FB1CE44A8B00143328 /* Frameworks */ = {
			isa = PBXFrameworksBuildPhase;
			buildActionMask = 2147483647;
			files = (
			);
			runOnlyForDeploymentPostprocessing = 0;
		};
		3928A70F1CE44A8B00143328 /* Frameworks */ = {
			isa = PBXFrameworksBuildPhase;
			buildActionMask = 2147483647;
			files = (
			);
			runOnlyForDeploymentPostprocessing = 0;
		};
		3928A71A1CE44A8B00143328 /* Frameworks */ = {
			isa = PBXFrameworksBuildPhase;
			buildActionMask = 2147483647;
			files = (
			);
			runOnlyForDeploymentPostprocessing = 0;
		};
/* End PBXFrameworksBuildPhase section */

/* Begin PBXGroup section */
		3928A6F51CE44A8B00143328 = {
			isa = PBXGroup;
			children = (
				3928A7001CE44A8B00143328 /* strawDiffy */,
				3928A7151CE44A8B00143328 /* strawDiffyTests */,
				3928A7201CE44A8B00143328 /* strawDiffyUITests */,
				3928A6FF1CE44A8B00143328 /* Products */,
			);
			sourceTree = "<group>";
		};
		3928A6FF1CE44A8B00143328 /* Products */ = {
			isa = PBXGroup;
			children = (
				3928A6FE1CE44A8B00143328 /* strawDiffy.app */,
				3928A7121CE44A8B00143328 /* strawDiffyTests.xctest */,
				3928A71D1CE44A8B00143328 /* strawDiffyUITests.xctest */,
			);
			name = Products;
			sourceTree = "<group>";
		};
		3928A7001CE44A8B00143328 /* strawDiffy */ = {
			isa = PBXGroup;
			children = (
				3928A7011CE44A8B00143328 /* AppDelegate.swift */,
				3928A7051CE44A8B00143328 /* Main.storyboard */,
				3928A7081CE44A8B00143328 /* Assets.xcassets */,
				3928A70A1CE44A8B00143328 /* LaunchScreen.storyboard */,
				3928A70D1CE44A8B00143328 /* Info.plist */,
				3928A72F1CE4724700143328 /* HomeViewController.swift */,
			);
			path = strawDiffy;
			sourceTree = "<group>";
		};
		3928A7151CE44A8B00143328 /* strawDiffyTests */ = {
			isa = PBXGroup;
			children = (
				3928A7161CE44A8B00143328 /* strawDiffyTests.swift */,
				3928A7181CE44A8B00143328 /* Info.plist */,
			);
			path = strawDiffyTests;
			sourceTree = "<group>";
		};
		3928A7201CE44A8B00143328 /* strawDiffyUITests */ = {
			isa = PBXGroup;
			children = (
				3928A7211CE44A8B00143328 /* strawDiffyUITests.swift */,
				3928A7231CE44A8B00143328 /* Info.plist */,
			);
			path = strawDiffyUITests;
			sourceTree = "<group>";
		};
/* End PBXGroup section */

/* Begin PBXNativeTarget section */
		3928A6FD1CE44A8B00143328 /* strawDiffy */ = {
			isa = PBXNativeTarget;
			buildConfigurationList = 3928A7261CE44A8B00143328 /* Build configuration list for PBXNativeTarget "strawDiffy" */;
			buildPhases = (
				3928A6FA1CE44A8B00143328 /* Sources */,
				3928A6FB1CE44A8B00143328 /* Frameworks */,
				3928A6FC1CE44A8B00143328 /* Resources */,
			);
			buildRules = (
			);
			dependencies = (
			);
			name = strawDiffy;
			productName = strawDiffy;
			productReference = 3928A6FE1CE44A8B00143328 /* strawDiffy.app */;
			productType = "com.apple.product-type.application";
		};
		3928A7111CE44A8B00143328 /* strawDiffyTests */ = {
			isa = PBXNativeTarget;
			buildConfigurationList = 3928A7291CE44A8B00143328 /* Build configuration list for PBXNativeTarget "strawDiffyTests" */;
			buildPhases = (
				3928A70E1CE44A8B00143328 /* Sources */,
				3928A70F1CE44A8B00143328 /* Frameworks */,
				3928A7101CE44A8B00143328 /* Resources */,
			);
			buildRules = (
			);
			dependencies = (
				3928A7141CE44A8B00143328 /* PBXTargetDependency */,
			);
			name = strawDiffyTests;
			productName = strawDiffyTests;
			productReference = 3928A7121CE44A8B00143328 /* strawDiffyTests.xctest */;
			productType = "com.apple.product-type.bundle.unit-test";
		};
		3928A71C1CE44A8B00143328 /* strawDiffyUITests */ = {
			isa = PBXNativeTarget;
			buildConfigurationList = 3928A72C1CE44A8B00143328 /* Build configuration list for PBXNativeTarget "strawDiffyUITests" */;
			buildPhases = (
				3928A7191CE44A8B00143328 /* Sources */,
				3928A71A1CE44A8B00143328 /* Frameworks */,
				3928A71B1CE44A8B00143328 /* Resources */,
			);
			buildRules = (
			);
			dependencies = (
				3928A71F1CE44A8B00143328 /* PBXTargetDependency */,
			);
			name = strawDiffyUITests;
			productName = strawDiffyUITests;
			productReference = 3928A71D1CE44A8B00143328 /* strawDiffyUITests.xctest */;
			productType = "com.apple.product-type.bundle.ui-testing";
		};
/* End PBXNativeTarget section */

/* Begin PBXProject section */
		3928A6F61CE44A8B00143328 /* Project object */ = {
			isa = PBXProject;
			attributes = {
				LastSwiftUpdateCheck = 0710;
				LastUpgradeCheck = 0710;
				ORGANIZATIONNAME = Karidon;
				TargetAttributes = {
					3928A6FD1CE44A8B00143328 = {
						CreatedOnToolsVersion = 7.1;
					};
					3928A7111CE44A8B00143328 = {
						CreatedOnToolsVersion = 7.1;
						TestTargetID = 3928A6FD1CE44A8B00143328;
					};
					3928A71C1CE44A8B00143328 = {
						CreatedOnToolsVersion = 7.1;
						TestTargetID = 3928A6FD1CE44A8B00143328;
					};
				};
			};
			buildConfigurationList = 3928A6F91CE44A8B00143328 /* Build configuration list for PBXProject "strawDiffy" */;
			compatibilityVersion = "Xcode 3.2";
			developmentRegion = English;
			hasScannedForEncodings = 0;
			knownRegions = (
				en,
				Base,
			);
			mainGroup = 3928A6F51CE44A8B00143328;
			productRefGroup = 3928A6FF1CE44A8B00143328 /* Products */;
			projectDirPath = "";
			projectRoot = "";
			targets = (
				3928A6FD1CE44A8B00143328 /* strawDiffy */,
				3928A7111CE44A8B00143328 /* strawDiffyTests */,
				3928A71C1CE44A8B00143328 /* strawDiffyUITests */,
			);
		};
/* End PBXProject section */

/* Begin PBXResourcesBuildPhase section */
		3928A6FC1CE44A8B00143328 /* Resources */ = {
			isa = PBXResourcesBuildPhase;
			buildActionMask = 2147483647;
			files = (
				3928A70C1CE44A8B00143328 /* LaunchScreen.storyboard in Resources */,
				3928A7091CE44A8B00143328 /* Assets.xcassets in Resources */,
				3928A7071CE44A8B00143328 /* Main.storyboard in Resources */,
			);
			runOnlyForDeploymentPostprocessing = 0;
		};
		3928A7101CE44A8B00143328 /* Resources */ = {
			isa = PBXResourcesBuildPhase;
			buildActionMask = 2147483647;
			files = (
			);
			runOnlyForDeploymentPostprocessing = 0;
		};
		3928A71B1CE44A8B00143328 /* Resources */ = {
			isa = PBXResourcesBuildPhase;
			buildActionMask = 2147483647;
			files = (
			);
			runOnlyForDeploymentPostprocessing = 0;
		};
/* End PBXResourcesBuildPhase section */

/* Begin PBXSourcesBuildPhase section */
		3928A6FA1CE44A8B00143328 /* Sources */ = {
			isa = PBXSourcesBuildPhase;
			buildActionMask = 2147483647;
			files = (
				3928A7021CE44A8B00143328 /* AppDelegate.swift in Sources */,
				3928A7301CE4724700143328 /* HomeViewController.swift in Sources */,
			);
			runOnlyForDeploymentPostprocessing = 0;
		};
		3928A70E1CE44A8B00143328 /* Sources */ = {
			isa = PBXSourcesBuildPhase;
			buildActionMask = 2147483647;
			files = (
				3928A7171CE44A8B00143328 /* strawDiffyTests.swift in Sources */,
			);
			runOnlyForDeploymentPostprocessing = 0;
		};
		3928A7191CE44A8B00143328 /* Sources */ = {
			isa = PBXSourcesBuildPhase;
			buildActionMask = 2147483647;
			files = (
				3928A7221CE44A8B00143328 /* strawDiffyUITests.swift in Sources */,
			);
			runOnlyForDeploymentPostprocessing = 0;
		};
/* End PBXSourcesBuildPhase section */

/* Begin PBXTargetDependency section */
		3928A7141CE44A8B00143328 /* PBXTargetDependency */ = {
			isa = PBXTargetDependency;
			target = 3928A6FD1CE44A8B00143328 /* strawDiffy */;
			targetProxy = 3928A7131CE44A8B00143328 /* PBXContainerItemProxy */;
		};
		3928A71F1CE44A8B00143328 /* PBXTargetDependency */ = {
			isa = PBXTargetDependency;
			target = 3928A6FD1CE44A8B00143328 /* strawDiffy */;
			targetProxy = 3928A71E1CE44A8B00143328 /* PBXContainerItemProxy */;
		};
/* End PBXTargetDependency section */

/* Begin PBXVariantGroup section */
		3928A7051CE44A8B00143328 /* Main.storyboard */ = {
			isa = PBXVariantGroup;
			children = (
				3928A7061CE44A8B00143328 /* Base */,
			);
			name = Main.storyboard;
			sourceTree = "<group>";
		};
		3928A70A1CE44A8B00143328 /* LaunchScreen.storyboard */ = {
			isa = PBXVariantGroup;
			children = (
				3928A70B1CE44A8B00143328 /* Base */,
			);
			name = LaunchScreen.storyboard;
			sourceTree = "<group>";
		};
/* End PBXVariantGroup section */

/* Begin XCBuildConfiguration section */
		3928A7241CE44A8B00143328 /* Debug */ = {
			isa = XCBuildConfiguration;
			buildSettings = {
				ALWAYS_SEARCH_USER_PATHS = NO;
				CLANG_CXX_LANGUAGE_STANDARD = "gnu++0x";
				CLANG_CXX_LIBRARY = "libc++";
				CLANG_ENABLE_MODULES = YES;
				CLANG_ENABLE_OBJC_ARC = YES;
				CLANG_WARN_BOOL_CONVERSION = YES;
				CLANG_WARN_CONSTANT_CONVERSION = YES;
				CLANG_WARN_DIRECT_OBJC_ISA_USAGE = YES_ERROR;
				CLANG_WARN_EMPTY_BODY = YES;
				CLANG_WARN_ENUM_CONVERSION = YES;
				CLANG_WARN_INT_CONVERSION = YES;
				CLANG_WARN_OBJC_ROOT_CLASS = YES_ERROR;
				CLANG_WARN_UNREACHABLE_CODE = YES;
				CLANG_WARN__DUPLICATE_METHOD_MATCH = YES;
				"CODE_SIGN_IDENTITY[sdk=iphoneos*]" = "iPhone Developer";
				COPY_PHASE_STRIP = NO;
				DEBUG_INFORMATION_FORMAT = dwarf;
				ENABLE_STRICT_OBJC_MSGSEND = YES;
				ENABLE_TESTABILITY = YES;
				GCC_C_LANGUAGE_STANDARD = gnu99;
				GCC_DYNAMIC_NO_PIC = NO;
				GCC_NO_COMMON_BLOCKS = YES;
				GCC_OPTIMIZATION_LEVEL = 0;
				GCC_PREPROCESSOR_DEFINITIONS = (
					"DEBUG=1",
					"$(inherited)",
				);
				GCC_WARN_64_TO_32_BIT_CONVERSION = YES;
				GCC_WARN_ABOUT_RETURN_TYPE = YES_ERROR;
				GCC_WARN_UNDECLARED_SELECTOR = YES;
				GCC_WARN_UNINITIALIZED_AUTOS = YES_AGGRESSIVE;
				GCC_WARN_UNUSED_FUNCTION = YES;
				GCC_WARN_UNUSED_VARIABLE = YES;
				IPHONEOS_DEPLOYMENT_TARGET = 9.1;
				MTL_ENABLE_DEBUG_INFO = YES;
				ONLY_ACTIVE_ARCH = YES;
				SDKROOT = iphoneos;
				SWIFT_OPTIMIZATION_LEVEL = "-Onone";
				TARGETED_DEVICE_FAMILY = "1,2";
			};
			name = Debug;
		};
		3928A7251CE44A8B00143328 /* Release */ = {
			isa = XCBuildConfiguration;
			buildSettings = {
				ALWAYS_SEARCH_USER_PATHS = NO;
				CLANG_CXX_LANGUAGE_STANDARD = "gnu++0x";
				CLANG_CXX_LIBRARY = "libc++";
				CLANG_ENABLE_MODULES = YES;
				CLANG_ENABLE_OBJC_ARC = YES;
				CLANG_WARN_BOOL_CONVERSION = YES;
				CLANG_WARN_CONSTANT_CONVERSION = YES;
				CLANG_WARN_DIRECT_OBJC_ISA_USAGE = YES_ERROR;
				CLANG_WARN_EMPTY_BODY = YES;
				CLANG_WARN_ENUM_CONVERSION = YES;
				CLANG_WARN_INT_CONVERSION = YES;
				CLANG_WARN_OBJC_ROOT_CLASS = YES_ERROR;
				CLANG_WARN_UNREACHABLE_CODE = YES;
				CLANG_WARN__DUPLICATE_METHOD_MATCH = YES;
				"CODE_SIGN_IDENTITY[sdk=iphoneos*]" = "iPhone Developer";
				COPY_PHASE_STRIP = NO;
				DEBUG_INFORMATION_FORMAT = "dwarf-with-dsym";
				ENABLE_NS_ASSERTIONS = NO;
				ENABLE_STRICT_OBJC_MSGSEND = YES;
				GCC_C_LANGUAGE_STANDARD = gnu99;
				GCC_NO_COMMON_BLOCKS = YES;
				GCC_WARN_64_TO_32_BIT_CONVERSION = YES;
				GCC_WARN_ABOUT_RETURN_TYPE = YES_ERROR;
				GCC_WARN_UNDECLARED_SELECTOR = YES;
				GCC_WARN_UNINITIALIZED_AUTOS = YES_AGGRESSIVE;
				GCC_WARN_UNUSED_FUNCTION = YES;
				GCC_WARN_UNUSED_VARIABLE = YES;
				IPHONEOS_DEPLOYMENT_TARGET = 9.1;
				MTL_ENABLE_DEBUG_INFO = NO;
				SDKROOT = iphoneos;
				TARGETED_DEVICE_FAMILY = "1,2";
				VALIDATE_PRODUCT = YES;
			};
			name = Release;
		};
		3928A7271CE44A8B00143328 /* Debug */ = {
			isa = XCBuildConfiguration;
			buildSettings = {
				ASSETCATALOG_COMPILER_APPICON_NAME = AppIcon;
				INFOPLIST_FILE = strawDiffy/Info.plist;
				LD_RUNPATH_SEARCH_PATHS = "$(inherited) @executable_path/Frameworks";
				PRODUCT_BUNDLE_IDENTIFIER = com.itria.strawDiffy;
				PRODUCT_NAME = "$(TARGET_NAME)";
			};
			name = Debug;
		};
		3928A7281CE44A8B00143328 /* Release */ = {
			isa = XCBuildConfiguration;
			buildSettings = {
				ASSETCATALOG_COMPILER_APPICON_NAME = AppIcon;
				INFOPLIST_FILE = strawDiffy/Info.plist;
				LD_RUNPATH_SEARCH_PATHS = "$(inherited) @executable_path/Frameworks";
				PRODUCT_BUNDLE_IDENTIFIER = com.itria.strawDiffy;
				PRODUCT_NAME = "$(TARGET_NAME)";
			};
			name = Release;
		};
		3928A72A1CE44A8B00143328 /* Debug */ = {
			isa = XCBuildConfiguration;
			buildSettings = {
				BUNDLE_LOADER = "$(TEST_HOST)";
				INFOPLIST_FILE = strawDiffyTests/Info.plist;
				LD_RUNPATH_SEARCH_PATHS = "$(inherited) @executable_path/Frameworks @loader_path/Frameworks";
				PRODUCT_BUNDLE_IDENTIFIER = com.itria.strawDiffyTests;
				PRODUCT_NAME = "$(TARGET_NAME)";
				TEST_HOST = "$(BUILT_PRODUCTS_DIR)/strawDiffy.app/strawDiffy";
			};
			name = Debug;
		};
		3928A72B1CE44A8B00143328 /* Release */ = {
			isa = XCBuildConfiguration;
			buildSettings = {
				BUNDLE_LOADER = "$(TEST_HOST)";
				INFOPLIST_FILE = strawDiffyTests/Info.plist;
				LD_RUNPATH_SEARCH_PATHS = "$(inherited) @executable_path/Frameworks @loader_path/Frameworks";
				PRODUCT_BUNDLE_IDENTIFIER = com.itria.strawDiffyTests;
				PRODUCT_NAME = "$(TARGET_NAME)";
				TEST_HOST = "$(BUILT_PRODUCTS_DIR)/strawDiffy.app/strawDiffy";
			};
			name = Release;
		};
		3928A72D1CE44A8B00143328 /* Debug */ = {
			isa = XCBuildConfiguration;
			buildSettings = {
				INFOPLIST_FILE = strawDiffyUITests/Info.plist;
				LD_RUNPATH_SEARCH_PATHS = "$(inherited) @executable_path/Frameworks @loader_path/Frameworks";
				PRODUCT_BUNDLE_IDENTIFIER = com.itria.strawDiffyUITests;
				PRODUCT_NAME = "$(TARGET_NAME)";
				TEST_TARGET_NAME = strawDiffy;
				USES_XCTRUNNER = YES;
			};
			name = Debug;
		};
		3928A72E1CE44A8B00143328 /* Release */ = {
			isa = XCBuildConfiguration;
			buildSettings = {
				INFOPLIST_FILE = strawDiffyUITests/Info.plist;
				LD_RUNPATH_SEARCH_PATHS = "$(inherited) @executable_path/Frameworks @loader_path/Frameworks";
				PRODUCT_BUNDLE_IDENTIFIER = com.itria.strawDiffyUITests;
				PRODUCT_NAME = "$(TARGET_NAME)";
				TEST_TARGET_NAME = strawDiffy;
				USES_XCTRUNNER = YES;
			};
			name = Release;
		};
/* End XCBuildConfiguration section */

/* Begin XCConfigurationList section */
		3928A6F91CE44A8B00143328 /* Build configuration list for PBXProject "strawDiffy" */ = {
			isa = XCConfigurationList;
			buildConfigurations = (
				3928A7241CE44A8B00143328 /* Debug */,
				3928A7251CE44A8B00143328 /* Release */,
			);
			defaultConfigurationIsVisible = 0;
			defaultConfigurationName = Release;
		};
		3928A7261CE44A8B00143328 /* Build configuration list for PBXNativeTarget "strawDiffy" */ = {
			isa = XCConfigurationList;
			buildConfigurations = (
				3928A7271CE44A8B00143328 /* Debug */,
				3928A7281CE44A8B00143328 /* Release */,
			);
			defaultConfigurationIsVisible = 0;
		};
		3928A7291CE44A8B00143328 /* Build configuration list for PBXNativeTarget "strawDiffyTests" */ = {
			isa = XCConfigurationList;
			buildConfigurations = (
				3928A72A1CE44A8B00143328 /* Debug */,
				3928A72B1CE44A8B00143328 /* Release */,
			);
			defaultConfigurationIsVisible = 0;
		};
		3928A72C1CE44A8B00143328 /* Build configuration list for PBXNativeTarget "strawDiffyUITests" */ = {
			isa = XCConfigurationList;
			buildConfigurations = (
				3928A72D1CE44A8B00143328 /* Debug */,
				3928A72E1CE44A8B00143328 /* Release */,
			);
			defaultConfigurationIsVisible = 0;
		};
/* End XCConfigurationList section */
	};
	rootObject = 3928A6F61CE44A8B00143328 /* Project object */;
}
